
Microsoft Visual Studio Solution File, Format Version 12.00
# Visual Studio Version 16
VisualStudioVersion = 16.0.29806.167
MinimumVisualStudioVersion = 10.0.40219.1
Project("{FAE04EC0-301F-11D3-BF4B-00C04F79EFBC}") = "tPendahuluan", "tPendahuluan\tPendahuluan.csproj", "{58132BE4-3805-4F77-813B-0929981A8269}"
EndProject
Global
	GlobalSection(SolutionConfigurationPlatforms) = preSolution
		Debug|Any CPU = Debug|Any CPU
		Release|Any CPU = Release|Any CPU
	EndGlobalSection
	GlobalSection(ProjectConfigurationPlatforms) = postSolution
		{58132BE4-3805-4F77-813B-0929981A8269}.Debug|Any CPU.ActiveCfg = Debug|Any CPU
		{58132BE4-3805-4F77-813B-0929981A8269}.Debug|Any CPU.Build.0 = Debug|Any CPU
		{58132BE4-3805-4F77-813B-0929981A8269}.Release|Any CPU.ActiveCfg = Release|Any CPU
		{58132BE4-3805-4F77-813B-0929981A8269}.Release|Any CPU.Build.0 = Release|Any CPU
	EndGlobalSection
	GlobalSection(SolutionProperties) = preSolution
		HideSolutionNode = FALSE
	EndGlobalSection
	GlobalSection(ExtensibilityGlobals) = postSolution
		SolutionGuid = {0EA24CD7-DF71-4AC4-A042-4401BFF8E588}
	EndGlobalSection
EndGlobal
